{
  "version": 4,
  "terraform_version": "1.3.0",
  "serial": 385,
  "lineage": "8470fcb5-0472-bba1-939b-88016796c854",
  "outputs": {},
  "resources": [
    {
      "mode": "managed",
      "type": "google_compute_address",
      "name": "static-chef-server",
      "provider": "provider[\"registry.terraform.io/hashicorp/google\"]",
      "instances": [
        {
          "schema_version": 0,
          "attributes": {
            "address": "34.101.78.193",
            "address_type": "EXTERNAL",
            "creation_timestamp": "2022-09-25T06:35:31.678-07:00",
            "description": "",
            "id": "projects/sre-test-nh/regions/asia-southeast2/addresses/vm-public-address-chef-server",
            "name": "vm-public-address-chef-server",
            "network": "",
            "network_tier": "PREMIUM",
            "prefix_length": 0,
            "project": "sre-test-nh",
            "purpose": "",
            "region": "asia-southeast2",
            "self_link": "https://www.googleapis.com/compute/v1/projects/sre-test-nh/regions/asia-southeast2/addresses/vm-public-address-chef-server",
            "subnetwork": "",
            "timeouts": null,
            "users": [
              "https://www.googleapis.com/compute/v1/projects/sre-test-nh/zones/asia-southeast2-a/instances/chef-server"
            ]
          },
          "sensitive_attributes": [],
          "private": "eyJlMmJmYjczMC1lY2FhLTExZTYtOGY4OC0zNDM2M2JjN2M0YzAiOnsiY3JlYXRlIjoxMjAwMDAwMDAwMDAwLCJkZWxldGUiOjEyMDAwMDAwMDAwMDB9fQ==",
          "dependencies": [
            "google_compute_firewall.sre-vm"
          ]
        }
      ]
    },
    {
      "mode": "managed",
      "type": "google_compute_address",
      "name": "static-vm01",
      "provider": "provider[\"registry.terraform.io/hashicorp/google\"]",
      "instances": [
        {
          "schema_version": 0,
          "attributes": {
            "address": "34.128.107.112",
            "address_type": "EXTERNAL",
            "creation_timestamp": "2022-09-25T06:35:32.538-07:00",
            "description": "",
            "id": "projects/sre-test-nh/regions/asia-southeast2/addresses/vm-public-address-01",
            "name": "vm-public-address-01",
            "network": "",
            "network_tier": "PREMIUM",
            "prefix_length": 0,
            "project": "sre-test-nh",
            "purpose": "",
            "region": "asia-southeast2",
            "self_link": "https://www.googleapis.com/compute/v1/projects/sre-test-nh/regions/asia-southeast2/addresses/vm-public-address-01",
            "subnetwork": "",
            "timeouts": null,
            "users": []
          },
          "sensitive_attributes": [],
          "private": "eyJlMmJmYjczMC1lY2FhLTExZTYtOGY4OC0zNDM2M2JjN2M0YzAiOnsiY3JlYXRlIjoxMjAwMDAwMDAwMDAwLCJkZWxldGUiOjEyMDAwMDAwMDAwMDB9fQ==",
          "dependencies": [
            "google_compute_firewall.sre-vm"
          ]
        }
      ]
    },
    {
      "mode": "managed",
      "type": "google_compute_address",
      "name": "static-vm02",
      "provider": "provider[\"registry.terraform.io/hashicorp/google\"]",
      "instances": [
        {
          "schema_version": 0,
          "attributes": {
            "address": "34.101.110.33",
            "address_type": "EXTERNAL",
            "creation_timestamp": "2022-09-25T06:35:31.551-07:00",
            "description": "",
            "id": "projects/sre-test-nh/regions/asia-southeast2/addresses/vm-public-address-02",
            "name": "vm-public-address-02",
            "network": "",
            "network_tier": "PREMIUM",
            "prefix_length": 0,
            "project": "sre-test-nh",
            "purpose": "",
            "region": "asia-southeast2",
            "self_link": "https://www.googleapis.com/compute/v1/projects/sre-test-nh/regions/asia-southeast2/addresses/vm-public-address-02",
            "subnetwork": "",
            "timeouts": null,
            "users": [
              "https://www.googleapis.com/compute/v1/projects/sre-test-nh/zones/asia-southeast2-a/instances/vm02"
            ]
          },
          "sensitive_attributes": [],
          "private": "eyJlMmJmYjczMC1lY2FhLTExZTYtOGY4OC0zNDM2M2JjN2M0YzAiOnsiY3JlYXRlIjoxMjAwMDAwMDAwMDAwLCJkZWxldGUiOjEyMDAwMDAwMDAwMDB9fQ==",
          "dependencies": [
            "google_compute_firewall.sre-vm"
          ]
        }
      ]
    },
    {
      "mode": "managed",
      "type": "google_compute_address",
      "name": "static-vm03",
      "provider": "provider[\"registry.terraform.io/hashicorp/google\"]",
      "instances": [
        {
          "schema_version": 0,
          "attributes": {
            "address": "34.101.149.123",
            "address_type": "EXTERNAL",
            "creation_timestamp": "2022-09-25T06:35:31.657-07:00",
            "description": "",
            "id": "projects/sre-test-nh/regions/asia-southeast2/addresses/vm-public-address-03",
            "name": "vm-public-address-03",
            "network": "",
            "network_tier": "PREMIUM",
            "prefix_length": 0,
            "project": "sre-test-nh",
            "purpose": "",
            "region": "asia-southeast2",
            "self_link": "https://www.googleapis.com/compute/v1/projects/sre-test-nh/regions/asia-southeast2/addresses/vm-public-address-03",
            "subnetwork": "",
            "timeouts": null,
            "users": [
              "https://www.googleapis.com/compute/v1/projects/sre-test-nh/zones/asia-southeast2-a/instances/vm03"
            ]
          },
          "sensitive_attributes": [],
          "private": "eyJlMmJmYjczMC1lY2FhLTExZTYtOGY4OC0zNDM2M2JjN2M0YzAiOnsiY3JlYXRlIjoxMjAwMDAwMDAwMDAwLCJkZWxldGUiOjEyMDAwMDAwMDAwMDB9fQ==",
          "dependencies": [
            "google_compute_firewall.sre-vm"
          ]
        }
      ]
    },
    {
      "mode": "managed",
      "type": "google_compute_firewall",
      "name": "sre-vm",
      "provider": "provider[\"registry.terraform.io/hashicorp/google\"]",
      "instances": [
        {
          "schema_version": 1,
          "attributes": {
            "allow": [
              {
                "ports": [
                  "80",
                  "443",
                  "22"
                ],
                "protocol": "tcp"
              }
            ],
            "creation_timestamp": "2022-09-25T06:35:19.401-07:00",
            "deny": [],
            "description": "",
            "destination_ranges": [],
            "direction": "INGRESS",
            "disabled": false,
            "enable_logging": null,
            "id": "projects/sre-test-nh/global/firewalls/default-firewall-sre",
            "log_config": [],
            "name": "default-firewall-sre",
            "network": "https://www.googleapis.com/compute/v1/projects/sre-test-nh/global/networks/default",
            "priority": 1000,
            "project": "sre-test-nh",
            "self_link": "https://www.googleapis.com/compute/v1/projects/sre-test-nh/global/firewalls/default-firewall-sre",
            "source_ranges": [
              "0.0.0.0/0"
            ],
            "source_service_accounts": [],
            "source_tags": [],
            "target_service_accounts": [],
            "target_tags": [
              "sre-vm"
            ],
            "timeouts": null
          },
          "sensitive_attributes": [],
          "private": "eyJlMmJmYjczMC1lY2FhLTExZTYtOGY4OC0zNDM2M2JjN2M0YzAiOnsiY3JlYXRlIjoxMjAwMDAwMDAwMDAwLCJkZWxldGUiOjEyMDAwMDAwMDAwMDAsInVwZGF0ZSI6MTIwMDAwMDAwMDAwMH0sInNjaGVtYV92ZXJzaW9uIjoiMSJ9"
        }
      ]
    },
    {
      "mode": "managed",
      "type": "google_compute_instance",
      "name": "chef-server",
      "provider": "provider[\"registry.terraform.io/hashicorp/google\"]",
      "instances": [
        {
          "schema_version": 6,
          "attributes": {
            "advanced_machine_features": [],
            "allow_stopping_for_update": null,
            "attached_disk": [],
            "boot_disk": [
              {
                "auto_delete": true,
                "device_name": "persistent-disk-0",
                "disk_encryption_key_raw": "",
                "disk_encryption_key_sha256": "",
                "initialize_params": [
                  {
                    "image": "https://www.googleapis.com/compute/v1/projects/centos-cloud/global/images/centos-7-v20220920",
                    "labels": {},
                    "size": 20,
                    "type": "pd-standard"
                  }
                ],
                "kms_key_self_link": "",
                "mode": "READ_WRITE",
                "source": "https://www.googleapis.com/compute/v1/projects/sre-test-nh/zones/asia-southeast2-a/disks/chef-server"
              }
            ],
            "can_ip_forward": false,
            "confidential_instance_config": [],
            "cpu_platform": "Intel Broadwell",
            "current_status": "RUNNING",
            "deletion_protection": false,
            "description": "",
            "desired_status": null,
            "enable_display": false,
            "guest_accelerator": [],
            "hostname": "",
            "id": "projects/sre-test-nh/zones/asia-southeast2-a/instances/chef-server",
            "instance_id": "4475788781007168079",
            "label_fingerprint": "42WmSpB8rSM=",
            "labels": {},
            "machine_type": "e2-medium",
            "metadata": {
              "ssh-keys": "indraguna:ssh-rsa AAAAB3NzaC1yc2EAAAADAQABAAABgQDDHN1xPw/A5rRQll+oVQJS5tqcwq4cHVIWu2I7i64105C0qWkCoecsv/JmrCkImRNUqjO85dXFvAjJK56IOPCkoPeJdCt840hw29o3Htb4YWGiv9ck/6AMG/nlVLXtAesVdhuOFitcd4aEgJQvLhvKw1+9R31ETrG6SDZkT4VFUJC7TK+9dVu//hEKyaEthQKSaWp9I2yj7yAxv81tUiSIHviOyDky/D+yLCZU8V99tkE6eJ192YRN7A8McI/OpcR5k7R13e4s6d8yI0DvO1VYpgF/b/JyIN5BYx0cCK4cMrFHMRgipoBq7dl9K9yWWaw/WhKoJjounot+zt9a0iCkq8rXVkCrOo8kGf4poCvP9EpnZfHXI1J5iSgaEoArSqsHRwfhdi95k8IHbC1P55yogxhBiViArUgVwbkEZ1iN9NSLUsXuEQE8Tu3Tp22z0gPe5EWYaKrKeIq3HtSSU7ICwiJDoKcHTYWhVa+sUws9aP9ekC20iw3j/pdIqOUBEkE= indraguna\n"
            },
            "metadata_fingerprint": "MS7UFHvU8Jo=",
            "metadata_startup_script": "#!/bin/bash\nsudo yum -y update\nsudo yum -y install git vim wget curl",
            "min_cpu_platform": "",
            "name": "chef-server",
            "network_interface": [
              {
                "access_config": [
                  {
                    "nat_ip": "34.101.78.193",
                    "network_tier": "PREMIUM",
                    "public_ptr_domain_name": ""
                  }
                ],
                "alias_ip_range": [],
                "ipv6_access_config": [],
                "ipv6_access_type": "",
                "name": "nic0",
                "network": "https://www.googleapis.com/compute/v1/projects/sre-test-nh/global/networks/default",
                "network_ip": "10.184.15.199",
                "nic_type": "",
                "queue_count": 0,
                "stack_type": "IPV4_ONLY",
                "subnetwork": "https://www.googleapis.com/compute/v1/projects/sre-test-nh/regions/asia-southeast2/subnetworks/default",
                "subnetwork_project": "sre-test-nh"
              }
            ],
            "project": "sre-test-nh",
            "reservation_affinity": [],
            "resource_policies": [],
            "scheduling": [
              {
                "automatic_restart": true,
                "instance_termination_action": "",
                "min_node_cpus": 0,
                "node_affinities": [],
                "on_host_maintenance": "MIGRATE",
                "preemptible": false,
                "provisioning_model": "STANDARD"
              }
            ],
            "scratch_disk": [],
            "self_link": "https://www.googleapis.com/compute/v1/projects/sre-test-nh/zones/asia-southeast2-a/instances/chef-server",
            "service_account": [],
            "shielded_instance_config": [
              {
                "enable_integrity_monitoring": true,
                "enable_secure_boot": false,
                "enable_vtpm": true
              }
            ],
            "tags": [
              "sre-vm"
            ],
            "tags_fingerprint": "0gK-_GuSOc4=",
            "timeouts": null,
            "zone": "asia-southeast2-a"
          },
          "sensitive_attributes": [],
          "private": "eyJlMmJmYjczMC1lY2FhLTExZTYtOGY4OC0zNDM2M2JjN2M0YzAiOnsiY3JlYXRlIjoxMjAwMDAwMDAwMDAwLCJkZWxldGUiOjEyMDAwMDAwMDAwMDAsInVwZGF0ZSI6MTIwMDAwMDAwMDAwMH0sInNjaGVtYV92ZXJzaW9uIjoiNiJ9",
          "dependencies": [
            "google_compute_address.static-chef-server",
            "google_compute_firewall.sre-vm"
          ]
        }
      ]
    },
    {
      "mode": "managed",
      "type": "google_compute_instance",
      "name": "vm01",
      "provider": "provider[\"registry.terraform.io/hashicorp/google\"]",
      "instances": [
        {
          "schema_version": 6,
          "attributes": {
            "advanced_machine_features": [],
            "allow_stopping_for_update": null,
            "attached_disk": [],
            "boot_disk": [
              {
                "auto_delete": true,
                "device_name": "persistent-disk-0",
                "disk_encryption_key_raw": "",
                "disk_encryption_key_sha256": "",
                "initialize_params": [
                  {
                    "image": "https://www.googleapis.com/compute/v1/projects/centos-cloud/global/images/centos-7-v20220920",
                    "labels": {},
                    "size": 20,
                    "type": "pd-standard"
                  }
                ],
                "kms_key_self_link": "",
                "mode": "READ_WRITE",
                "source": "https://www.googleapis.com/compute/v1/projects/sre-test-nh/zones/asia-southeast2-a/disks/vm01"
              }
            ],
            "can_ip_forward": false,
            "confidential_instance_config": [],
            "cpu_platform": "Intel Broadwell",
            "current_status": "RUNNING",
            "deletion_protection": false,
            "description": "",
            "desired_status": null,
            "enable_display": false,
            "guest_accelerator": [],
            "hostname": "",
            "id": "projects/sre-test-nh/zones/asia-southeast2-a/instances/vm01",
            "instance_id": "4627965648467416686",
            "label_fingerprint": "42WmSpB8rSM=",
            "labels": null,
            "machine_type": "e2-medium",
            "metadata": {
              "ssh-keys": "indraguna:ssh-rsa AAAAB3NzaC1yc2EAAAADAQABAAABgQDDHN1xPw/A5rRQll+oVQJS5tqcwq4cHVIWu2I7i64105C0qWkCoecsv/JmrCkImRNUqjO85dXFvAjJK56IOPCkoPeJdCt840hw29o3Htb4YWGiv9ck/6AMG/nlVLXtAesVdhuOFitcd4aEgJQvLhvKw1+9R31ETrG6SDZkT4VFUJC7TK+9dVu//hEKyaEthQKSaWp9I2yj7yAxv81tUiSIHviOyDky/D+yLCZU8V99tkE6eJ192YRN7A8McI/OpcR5k7R13e4s6d8yI0DvO1VYpgF/b/JyIN5BYx0cCK4cMrFHMRgipoBq7dl9K9yWWaw/WhKoJjounot+zt9a0iCkq8rXVkCrOo8kGf4poCvP9EpnZfHXI1J5iSgaEoArSqsHRwfhdi95k8IHbC1P55yogxhBiViArUgVwbkEZ1iN9NSLUsXuEQE8Tu3Tp22z0gPe5EWYaKrKeIq3HtSSU7ICwiJDoKcHTYWhVa+sUws9aP9ekC20iw3j/pdIqOUBEkE= indraguna\n"
            },
            "metadata_fingerprint": "MS7UFHvU8Jo=",
            "metadata_startup_script": "#!/bin/bash\nsudo yum -y update\nsudo yum -y install git vim wget curl",
            "min_cpu_platform": "",
            "name": "vm01",
            "network_interface": [
              {
                "access_config": [
                  {
                    "nat_ip": "34.128.107.112",
                    "network_tier": "PREMIUM",
                    "public_ptr_domain_name": ""
                  }
                ],
                "alias_ip_range": [],
                "ipv6_access_config": [],
                "ipv6_access_type": "",
                "name": "nic0",
                "network": "https://www.googleapis.com/compute/v1/projects/sre-test-nh/global/networks/default",
                "network_ip": "10.184.15.200",
                "nic_type": "",
                "queue_count": 0,
                "stack_type": "IPV4_ONLY",
                "subnetwork": "https://www.googleapis.com/compute/v1/projects/sre-test-nh/regions/asia-southeast2/subnetworks/default",
                "subnetwork_project": "sre-test-nh"
              }
            ],
            "project": "sre-test-nh",
            "reservation_affinity": [],
            "resource_policies": null,
            "scheduling": [
              {
                "automatic_restart": true,
                "instance_termination_action": "",
                "min_node_cpus": 0,
                "node_affinities": [],
                "on_host_maintenance": "MIGRATE",
                "preemptible": false,
                "provisioning_model": "STANDARD"
              }
            ],
            "scratch_disk": [],
            "self_link": "https://www.googleapis.com/compute/v1/projects/sre-test-nh/zones/asia-southeast2-a/instances/vm01",
            "service_account": [],
            "shielded_instance_config": [
              {
                "enable_integrity_monitoring": true,
                "enable_secure_boot": false,
                "enable_vtpm": true
              }
            ],
            "tags": [
              "sre-vm"
            ],
            "tags_fingerprint": "0gK-_GuSOc4=",
            "timeouts": null,
            "zone": "asia-southeast2-a"
          },
          "sensitive_attributes": [],
          "private": "eyJlMmJmYjczMC1lY2FhLTExZTYtOGY4OC0zNDM2M2JjN2M0YzAiOnsiY3JlYXRlIjoxMjAwMDAwMDAwMDAwLCJkZWxldGUiOjEyMDAwMDAwMDAwMDAsInVwZGF0ZSI6MTIwMDAwMDAwMDAwMH0sInNjaGVtYV92ZXJzaW9uIjoiNiJ9",
          "dependencies": [
            "google_compute_address.static-vm01",
            "google_compute_firewall.sre-vm"
          ]
        }
      ]
    },
    {
      "mode": "managed",
      "type": "google_compute_instance",
      "name": "vm02",
      "provider": "provider[\"registry.terraform.io/hashicorp/google\"]",
      "instances": [
        {
          "schema_version": 6,
          "attributes": {
            "advanced_machine_features": [],
            "allow_stopping_for_update": null,
            "attached_disk": [],
            "boot_disk": [
              {
                "auto_delete": true,
                "device_name": "persistent-disk-0",
                "disk_encryption_key_raw": "",
                "disk_encryption_key_sha256": "",
                "initialize_params": [
                  {
                    "image": "https://www.googleapis.com/compute/v1/projects/centos-cloud/global/images/centos-7-v20220920",
                    "labels": {},
                    "size": 20,
                    "type": "pd-standard"
                  }
                ],
                "kms_key_self_link": "",
                "mode": "READ_WRITE",
                "source": "https://www.googleapis.com/compute/v1/projects/sre-test-nh/zones/asia-southeast2-a/disks/vm02"
              }
            ],
            "can_ip_forward": false,
            "confidential_instance_config": [],
            "cpu_platform": "Intel Broadwell",
            "current_status": "RUNNING",
            "deletion_protection": false,
            "description": "",
            "desired_status": null,
            "enable_display": false,
            "guest_accelerator": [],
            "hostname": "",
            "id": "projects/sre-test-nh/zones/asia-southeast2-a/instances/vm02",
            "instance_id": "6444535303399916286",
            "label_fingerprint": "42WmSpB8rSM=",
            "labels": {},
            "machine_type": "e2-medium",
            "metadata": {
              "ssh-keys": "indraguna:ssh-rsa AAAAB3NzaC1yc2EAAAADAQABAAABgQDDHN1xPw/A5rRQll+oVQJS5tqcwq4cHVIWu2I7i64105C0qWkCoecsv/JmrCkImRNUqjO85dXFvAjJK56IOPCkoPeJdCt840hw29o3Htb4YWGiv9ck/6AMG/nlVLXtAesVdhuOFitcd4aEgJQvLhvKw1+9R31ETrG6SDZkT4VFUJC7TK+9dVu//hEKyaEthQKSaWp9I2yj7yAxv81tUiSIHviOyDky/D+yLCZU8V99tkE6eJ192YRN7A8McI/OpcR5k7R13e4s6d8yI0DvO1VYpgF/b/JyIN5BYx0cCK4cMrFHMRgipoBq7dl9K9yWWaw/WhKoJjounot+zt9a0iCkq8rXVkCrOo8kGf4poCvP9EpnZfHXI1J5iSgaEoArSqsHRwfhdi95k8IHbC1P55yogxhBiViArUgVwbkEZ1iN9NSLUsXuEQE8Tu3Tp22z0gPe5EWYaKrKeIq3HtSSU7ICwiJDoKcHTYWhVa+sUws9aP9ekC20iw3j/pdIqOUBEkE= indraguna\n"
            },
            "metadata_fingerprint": "2MLAJ-EVg8E=",
            "metadata_startup_script": null,
            "min_cpu_platform": "",
            "name": "vm02",
            "network_interface": [
              {
                "access_config": [
                  {
                    "nat_ip": "34.101.110.33",
                    "network_tier": "PREMIUM",
                    "public_ptr_domain_name": ""
                  }
                ],
                "alias_ip_range": [],
                "ipv6_access_config": [],
                "ipv6_access_type": "",
                "name": "nic0",
                "network": "https://www.googleapis.com/compute/v1/projects/sre-test-nh/global/networks/default",
                "network_ip": "10.184.15.196",
                "nic_type": "",
                "queue_count": 0,
                "stack_type": "IPV4_ONLY",
                "subnetwork": "https://www.googleapis.com/compute/v1/projects/sre-test-nh/regions/asia-southeast2/subnetworks/default",
                "subnetwork_project": "sre-test-nh"
              }
            ],
            "project": "sre-test-nh",
            "reservation_affinity": [],
            "resource_policies": [],
            "scheduling": [
              {
                "automatic_restart": true,
                "instance_termination_action": "",
                "min_node_cpus": 0,
                "node_affinities": [],
                "on_host_maintenance": "MIGRATE",
                "preemptible": false,
                "provisioning_model": "STANDARD"
              }
            ],
            "scratch_disk": [],
            "self_link": "https://www.googleapis.com/compute/v1/projects/sre-test-nh/zones/asia-southeast2-a/instances/vm02",
            "service_account": [],
            "shielded_instance_config": [
              {
                "enable_integrity_monitoring": true,
                "enable_secure_boot": false,
                "enable_vtpm": true
              }
            ],
            "tags": [
              "sre-vm"
            ],
            "tags_fingerprint": "0gK-_GuSOc4=",
            "timeouts": null,
            "zone": "asia-southeast2-a"
          },
          "sensitive_attributes": [],
          "private": "eyJlMmJmYjczMC1lY2FhLTExZTYtOGY4OC0zNDM2M2JjN2M0YzAiOnsiY3JlYXRlIjoxMjAwMDAwMDAwMDAwLCJkZWxldGUiOjEyMDAwMDAwMDAwMDAsInVwZGF0ZSI6MTIwMDAwMDAwMDAwMH0sInNjaGVtYV92ZXJzaW9uIjoiNiJ9",
          "dependencies": [
            "google_compute_address.static-vm02",
            "google_compute_firewall.sre-vm"
          ]
        }
      ]
    },
    {
      "mode": "managed",
      "type": "google_compute_instance",
      "name": "vm03",
      "provider": "provider[\"registry.terraform.io/hashicorp/google\"]",
      "instances": [
        {
          "schema_version": 6,
          "attributes": {
            "advanced_machine_features": [],
            "allow_stopping_for_update": null,
            "attached_disk": [],
            "boot_disk": [
              {
                "auto_delete": true,
                "device_name": "persistent-disk-0",
                "disk_encryption_key_raw": "",
                "disk_encryption_key_sha256": "",
                "initialize_params": [
                  {
                    "image": "https://www.googleapis.com/compute/v1/projects/centos-cloud/global/images/centos-7-v20220920",
                    "labels": {},
                    "size": 20,
                    "type": "pd-standard"
                  }
                ],
                "kms_key_self_link": "",
                "mode": "READ_WRITE",
                "source": "https://www.googleapis.com/compute/v1/projects/sre-test-nh/zones/asia-southeast2-a/disks/vm03"
              }
            ],
            "can_ip_forward": false,
            "confidential_instance_config": [],
            "cpu_platform": "Intel Broadwell",
            "current_status": "RUNNING",
            "deletion_protection": false,
            "description": "",
            "desired_status": null,
            "enable_display": false,
            "guest_accelerator": [],
            "hostname": "",
            "id": "projects/sre-test-nh/zones/asia-southeast2-a/instances/vm03",
            "instance_id": "8091312548795499263",
            "label_fingerprint": "42WmSpB8rSM=",
            "labels": {},
            "machine_type": "e2-medium",
            "metadata": {
              "ssh-keys": "indraguna:ssh-rsa AAAAB3NzaC1yc2EAAAADAQABAAABgQDDHN1xPw/A5rRQll+oVQJS5tqcwq4cHVIWu2I7i64105C0qWkCoecsv/JmrCkImRNUqjO85dXFvAjJK56IOPCkoPeJdCt840hw29o3Htb4YWGiv9ck/6AMG/nlVLXtAesVdhuOFitcd4aEgJQvLhvKw1+9R31ETrG6SDZkT4VFUJC7TK+9dVu//hEKyaEthQKSaWp9I2yj7yAxv81tUiSIHviOyDky/D+yLCZU8V99tkE6eJ192YRN7A8McI/OpcR5k7R13e4s6d8yI0DvO1VYpgF/b/JyIN5BYx0cCK4cMrFHMRgipoBq7dl9K9yWWaw/WhKoJjounot+zt9a0iCkq8rXVkCrOo8kGf4poCvP9EpnZfHXI1J5iSgaEoArSqsHRwfhdi95k8IHbC1P55yogxhBiViArUgVwbkEZ1iN9NSLUsXuEQE8Tu3Tp22z0gPe5EWYaKrKeIq3HtSSU7ICwiJDoKcHTYWhVa+sUws9aP9ekC20iw3j/pdIqOUBEkE= indraguna\n"
            },
            "metadata_fingerprint": "MS7UFHvU8Jo=",
            "metadata_startup_script": "#!/bin/bash\nsudo yum -y update\nsudo yum -y install git vim wget curl",
            "min_cpu_platform": "",
            "name": "vm03",
            "network_interface": [
              {
                "access_config": [
                  {
                    "nat_ip": "34.101.149.123",
                    "network_tier": "PREMIUM",
                    "public_ptr_domain_name": ""
                  }
                ],
                "alias_ip_range": [],
                "ipv6_access_config": [],
                "ipv6_access_type": "",
                "name": "nic0",
                "network": "https://www.googleapis.com/compute/v1/projects/sre-test-nh/global/networks/default",
                "network_ip": "10.184.15.194",
                "nic_type": "",
                "queue_count": 0,
                "stack_type": "IPV4_ONLY",
                "subnetwork": "https://www.googleapis.com/compute/v1/projects/sre-test-nh/regions/asia-southeast2/subnetworks/default",
                "subnetwork_project": "sre-test-nh"
              }
            ],
            "project": "sre-test-nh",
            "reservation_affinity": [],
            "resource_policies": [],
            "scheduling": [
              {
                "automatic_restart": true,
                "instance_termination_action": "",
                "min_node_cpus": 0,
                "node_affinities": [],
                "on_host_maintenance": "MIGRATE",
                "preemptible": false,
                "provisioning_model": "STANDARD"
              }
            ],
            "scratch_disk": [],
            "self_link": "https://www.googleapis.com/compute/v1/projects/sre-test-nh/zones/asia-southeast2-a/instances/vm03",
            "service_account": [],
            "shielded_instance_config": [
              {
                "enable_integrity_monitoring": true,
                "enable_secure_boot": false,
                "enable_vtpm": true
              }
            ],
            "tags": [
              "sre-vm"
            ],
            "tags_fingerprint": "0gK-_GuSOc4=",
            "timeouts": null,
            "zone": "asia-southeast2-a"
          },
          "sensitive_attributes": [],
          "private": "eyJlMmJmYjczMC1lY2FhLTExZTYtOGY4OC0zNDM2M2JjN2M0YzAiOnsiY3JlYXRlIjoxMjAwMDAwMDAwMDAwLCJkZWxldGUiOjEyMDAwMDAwMDAwMDAsInVwZGF0ZSI6MTIwMDAwMDAwMDAwMH0sInNjaGVtYV92ZXJzaW9uIjoiNiJ9",
          "dependencies": [
            "google_compute_address.static-vm03",
            "google_compute_firewall.sre-vm"
          ]
        }
      ]
    }
  ],
  "check_results": []
}
